
Microsoft Visual Studio Solution File, Format Version 12.00
# Visual Studio 15
VisualStudioVersion = 15.0.28307.421
MinimumVisualStudioVersion = 10.0.40219.1
Project("{FAE04EC0-301F-11D3-BF4B-00C04F79EFBC}") = "projectBank", "projectBank\projectBank.csproj", "{DCF30896-17C8-4897-A691-4EF213E3206D}"
EndProject
Global
	GlobalSection(SolutionConfigurationPlatforms) = preSolution
		Debug|Any CPU = Debug|Any CPU
		Release|Any CPU = Release|Any CPU
	EndGlobalSection
	GlobalSection(ProjectConfigurationPlatforms) = postSolution
		{DCF30896-17C8-4897-A691-4EF213E3206D}.Debug|Any CPU.ActiveCfg = Debug|Any CPU
		{DCF30896-17C8-4897-A691-4EF213E3206D}.Debug|Any CPU.Build.0 = Debug|Any CPU
		{DCF30896-17C8-4897-A691-4EF213E3206D}.Release|Any CPU.ActiveCfg = Release|Any CPU
		{DCF30896-17C8-4897-A691-4EF213E3206D}.Release|Any CPU.Build.0 = Release|Any CPU
	EndGlobalSection
	GlobalSection(SolutionProperties) = preSolution
		HideSolutionNode = FALSE
	EndGlobalSection
	GlobalSection(ExtensibilityGlobals) = postSolution
		SolutionGuid = {39750AD2-B6B2-4224-A8BC-0FC1A8ACE84D}
	EndGlobalSection
EndGlobal
